
Microsoft Visual Studio Solution File, Format Version 12.00
# Visual Studio 2012
Project("{FAE04EC0-301F-11D3-BF4B-00C04F79EFBC}") = "Salar.Bon", "Salar.Bon\Salar.Bon.csproj", "{26FC10C3-638F-4747-9D7B-9C1715EC3C6E}"
EndProject
Project("{FAE04EC0-301F-11D3-BF4B-00C04F79EFBC}") = "Salar.BonTests", "Salar.Bon.Tests\Salar.BonTests.csproj", "{3AFF0FB0-780D-4A2A-B4F2-0F826AE14072}"
EndProject
Project("{FAE04EC0-301F-11D3-BF4B-00C04F79EFBC}") = "Salar.Bon.SL", "Salar.Bon.SL\Salar.Bon.SL.csproj", "{AD67729A-5E8C-4E99-A581-CD8C52896FC4}"
EndProject
Project("{FAE04EC0-301F-11D3-BF4B-00C04F79EFBC}") = "Salar.BonBenchmark", "Salar.BonBenchmark\Salar.BonBenchmark.csproj", "{EA3B61B3-E69E-4D08-948A-DA414BE5EAC9}"
EndProject
Global
	GlobalSection(SolutionConfigurationPlatforms) = preSolution
		Debug|Any CPU = Debug|Any CPU
		Debug|Mixed Platforms = Debug|Mixed Platforms
		Debug|x86 = Debug|x86
		Release|Any CPU = Release|Any CPU
		Release|Mixed Platforms = Release|Mixed Platforms
		Release|x86 = Release|x86
	EndGlobalSection
	GlobalSection(ProjectConfigurationPlatforms) = postSolution
		{26FC10C3-638F-4747-9D7B-9C1715EC3C6E}.Debug|Any CPU.ActiveCfg = Debug|Any CPU
		{26FC10C3-638F-4747-9D7B-9C1715EC3C6E}.Debug|Any CPU.Build.0 = Debug|Any CPU
		{26FC10C3-638F-4747-9D7B-9C1715EC3C6E}.Debug|Mixed Platforms.ActiveCfg = Debug|Any CPU
		{26FC10C3-638F-4747-9D7B-9C1715EC3C6E}.Debug|Mixed Platforms.Build.0 = Debug|Any CPU
		{26FC10C3-638F-4747-9D7B-9C1715EC3C6E}.Debug|x86.ActiveCfg = Debug|x86
		{26FC10C3-638F-4747-9D7B-9C1715EC3C6E}.Debug|x86.Build.0 = Debug|x86
		{26FC10C3-638F-4747-9D7B-9C1715EC3C6E}.Release|Any CPU.ActiveCfg = Release|Any CPU
		{26FC10C3-638F-4747-9D7B-9C1715EC3C6E}.Release|Any CPU.Build.0 = Release|Any CPU
		{26FC10C3-638F-4747-9D7B-9C1715EC3C6E}.Release|Mixed Platforms.ActiveCfg = Release|Any CPU
		{26FC10C3-638F-4747-9D7B-9C1715EC3C6E}.Release|Mixed Platforms.Build.0 = Release|Any CPU
		{26FC10C3-638F-4747-9D7B-9C1715EC3C6E}.Release|x86.ActiveCfg = Release|x86
		{26FC10C3-638F-4747-9D7B-9C1715EC3C6E}.Release|x86.Build.0 = Release|x86
		{3AFF0FB0-780D-4A2A-B4F2-0F826AE14072}.Debug|Any CPU.ActiveCfg = Debug|Any CPU
		{3AFF0FB0-780D-4A2A-B4F2-0F826AE14072}.Debug|Any CPU.Build.0 = Debug|Any CPU
		{3AFF0FB0-780D-4A2A-B4F2-0F826AE14072}.Debug|Mixed Platforms.ActiveCfg = Debug|Any CPU
		{3AFF0FB0-780D-4A2A-B4F2-0F826AE14072}.Debug|Mixed Platforms.Build.0 = Debug|Any CPU
		{3AFF0FB0-780D-4A2A-B4F2-0F826AE14072}.Debug|x86.ActiveCfg = Debug|Any CPU
		{3AFF0FB0-780D-4A2A-B4F2-0F826AE14072}.Release|Any CPU.ActiveCfg = Release|Any CPU
		{3AFF0FB0-780D-4A2A-B4F2-0F826AE14072}.Release|Any CPU.Build.0 = Release|Any CPU
		{3AFF0FB0-780D-4A2A-B4F2-0F826AE14072}.Release|Mixed Platforms.ActiveCfg = Release|Any CPU
		{3AFF0FB0-780D-4A2A-B4F2-0F826AE14072}.Release|Mixed Platforms.Build.0 = Release|Any CPU
		{3AFF0FB0-780D-4A2A-B4F2-0F826AE14072}.Release|x86.ActiveCfg = Release|Any CPU
		{3AFF0FB0-780D-4A2A-B4F2-0F826AE14072}.Release|x86.Build.0 = Release|Any CPU
		{AD67729A-5E8C-4E99-A581-CD8C52896FC4}.Debug|Any CPU.ActiveCfg = Debug|Any CPU
		{AD67729A-5E8C-4E99-A581-CD8C52896FC4}.Debug|Any CPU.Build.0 = Debug|Any CPU
		{AD67729A-5E8C-4E99-A581-CD8C52896FC4}.Debug|Mixed Platforms.ActiveCfg = Debug|Any CPU
		{AD67729A-5E8C-4E99-A581-CD8C52896FC4}.Debug|Mixed Platforms.Build.0 = Debug|Any CPU
		{AD67729A-5E8C-4E99-A581-CD8C52896FC4}.Debug|x86.ActiveCfg = Debug|Any CPU
		{AD67729A-5E8C-4E99-A581-CD8C52896FC4}.Release|Any CPU.ActiveCfg = Release|Any CPU
		{AD67729A-5E8C-4E99-A581-CD8C52896FC4}.Release|Any CPU.Build.0 = Release|Any CPU
		{AD67729A-5E8C-4E99-A581-CD8C52896FC4}.Release|Mixed Platforms.ActiveCfg = Release|Any CPU
		{AD67729A-5E8C-4E99-A581-CD8C52896FC4}.Release|Mixed Platforms.Build.0 = Release|Any CPU
		{AD67729A-5E8C-4E99-A581-CD8C52896FC4}.Release|x86.ActiveCfg = Release|Any CPU
		{AD67729A-5E8C-4E99-A581-CD8C52896FC4}.Release|x86.Build.0 = Release|Any CPU
		{EA3B61B3-E69E-4D08-948A-DA414BE5EAC9}.Debug|Any CPU.ActiveCfg = Debug|Any CPU
		{EA3B61B3-E69E-4D08-948A-DA414BE5EAC9}.Debug|Any CPU.Build.0 = Debug|Any CPU
		{EA3B61B3-E69E-4D08-948A-DA414BE5EAC9}.Debug|Mixed Platforms.ActiveCfg = Debug|Any CPU
		{EA3B61B3-E69E-4D08-948A-DA414BE5EAC9}.Debug|Mixed Platforms.Build.0 = Debug|Any CPU
		{EA3B61B3-E69E-4D08-948A-DA414BE5EAC9}.Debug|x86.ActiveCfg = Debug|Any CPU
		{EA3B61B3-E69E-4D08-948A-DA414BE5EAC9}.Release|Any CPU.ActiveCfg = Release|Any CPU
		{EA3B61B3-E69E-4D08-948A-DA414BE5EAC9}.Release|Any CPU.Build.0 = Release|Any CPU
		{EA3B61B3-E69E-4D08-948A-DA414BE5EAC9}.Release|Mixed Platforms.ActiveCfg = Release|Any CPU
		{EA3B61B3-E69E-4D08-948A-DA414BE5EAC9}.Release|Mixed Platforms.Build.0 = Release|Any CPU
		{EA3B61B3-E69E-4D08-948A-DA414BE5EAC9}.Release|x86.ActiveCfg = Release|Any CPU
	EndGlobalSection
	GlobalSection(SolutionProperties) = preSolution
		HideSolutionNode = FALSE
	EndGlobalSection
EndGlobal
