
Microsoft Visual Studio Solution File, Format Version 12.00
# Visual Studio Version 17
VisualStudioVersion = 17.4.33110.190
MinimumVisualStudioVersion = 10.0.40219.1
Project("{9A19103F-16F7-4668-BE54-9A1E7A4F7556}") = "Salar.Bois.LZ4", "Salar.Bois.LZ4\Salar.Bois.LZ4.csproj", "{12C9A3D9-C75A-4C44-8599-39EB56E40091}"
EndProject
Project("{9A19103F-16F7-4668-BE54-9A1E7A4F7556}") = "Salar.Bois", "Salar.Bois\Salar.Bois.csproj", "{86D13782-3128-4BA2-953D-E78BF628467A}"
EndProject
Project("{FAE04EC0-301F-11D3-BF4B-00C04F79EFBC}") = "Salar.Bois.Tests", "Salar.Bois.Tests\Salar.Bois.Tests.csproj", "{4A7F4E21-7E86-452A-86EE-66F4BE4AFE52}"
EndProject
Global
	GlobalSection(SolutionConfigurationPlatforms) = preSolution
		Debug|Any CPU = Debug|Any CPU
		Debug+AssemblyOut|Any CPU = Debug+AssemblyOut|Any CPU
		Release|Any CPU = Release|Any CPU
	EndGlobalSection
	GlobalSection(ProjectConfigurationPlatforms) = postSolution
		{12C9A3D9-C75A-4C44-8599-39EB56E40091}.Debug|Any CPU.ActiveCfg = Debug|Any CPU
		{12C9A3D9-C75A-4C44-8599-39EB56E40091}.Debug|Any CPU.Build.0 = Debug|Any CPU
		{12C9A3D9-C75A-4C44-8599-39EB56E40091}.Debug+AssemblyOut|Any CPU.ActiveCfg = Debug|Any CPU
		{12C9A3D9-C75A-4C44-8599-39EB56E40091}.Debug+AssemblyOut|Any CPU.Build.0 = Debug|Any CPU
		{12C9A3D9-C75A-4C44-8599-39EB56E40091}.Release|Any CPU.ActiveCfg = Release|Any CPU
		{12C9A3D9-C75A-4C44-8599-39EB56E40091}.Release|Any CPU.Build.0 = Release|Any CPU
		{86D13782-3128-4BA2-953D-E78BF628467A}.Debug|Any CPU.ActiveCfg = Debug|Any CPU
		{86D13782-3128-4BA2-953D-E78BF628467A}.Debug|Any CPU.Build.0 = Debug|Any CPU
		{86D13782-3128-4BA2-953D-E78BF628467A}.Debug+AssemblyOut|Any CPU.ActiveCfg = Debug|Any CPU
		{86D13782-3128-4BA2-953D-E78BF628467A}.Debug+AssemblyOut|Any CPU.Build.0 = Debug|Any CPU
		{86D13782-3128-4BA2-953D-E78BF628467A}.Release|Any CPU.ActiveCfg = Release|Any CPU
		{86D13782-3128-4BA2-953D-E78BF628467A}.Release|Any CPU.Build.0 = Release|Any CPU
		{4A7F4E21-7E86-452A-86EE-66F4BE4AFE52}.Debug|Any CPU.ActiveCfg = Debug|Any CPU
		{4A7F4E21-7E86-452A-86EE-66F4BE4AFE52}.Debug|Any CPU.Build.0 = Debug|Any CPU
		{4A7F4E21-7E86-452A-86EE-66F4BE4AFE52}.Debug+AssemblyOut|Any CPU.ActiveCfg = Debug|Any CPU
		{4A7F4E21-7E86-452A-86EE-66F4BE4AFE52}.Debug+AssemblyOut|Any CPU.Build.0 = Debug|Any CPU
		{4A7F4E21-7E86-452A-86EE-66F4BE4AFE52}.Release|Any CPU.ActiveCfg = Release|Any CPU
		{4A7F4E21-7E86-452A-86EE-66F4BE4AFE52}.Release|Any CPU.Build.0 = Release|Any CPU
	EndGlobalSection
	GlobalSection(SolutionProperties) = preSolution
		HideSolutionNode = FALSE
	EndGlobalSection
	GlobalSection(ExtensibilityGlobals) = postSolution
		SolutionGuid = {2D86761D-00EF-400A-905D-DE30B0BA0552}
	EndGlobalSection
EndGlobal
